// !$*UTF8*$!
{
	archiveVersion = 1;
	classes = {
	};
	objectVersion = 77;
	objects = {

/* Begin PBXContainerItemProxy section */
		840ED9DE2E142D7E00C36ABE /* PBXContainerItemProxy */ = {
			isa = PBXContainerItemProxy;
			containerPortal = 840ED9C02E142D7D00C36ABE /* Project object */;
			proxyType = 1;
			remoteGlobalIDString = 840ED9C72E142D7D00C36ABE;
			remoteInfo = AstroVision;
		};
		840ED9E82E142D7E00C36ABE /* PBXContainerItemProxy */ = {
			isa = PBXContainerItemProxy;
			containerPortal = 840ED9C02E142D7D00C36ABE /* Project object */;
			proxyType = 1;
			remoteGlobalIDString = 840ED9C72E142D7D00C36ABE;
			remoteInfo = AstroVision;
		};
/* End PBXContainerItemProxy section */

/* Begin PBXFileReference section */
		840ED9C82E142D7D00C36ABE /* AstroVision.app */ = {isa = PBXFileReference; explicitFileType = wrapper.application; includeInIndex = 0; path = AstroVision.app; sourceTree = BUILT_PRODUCTS_DIR; };
		840ED9DD2E142D7E00C36ABE /* AstroVisionTests.xctest */ = {isa = PBXFileReference; explicitFileType = wrapper.cfbundle; includeInIndex = 0; path = AstroVisionTests.xctest; sourceTree = BUILT_PRODUCTS_DIR; };
		840ED9E72E142D7E00C36ABE /* AstroVisionUITests.xctest */ = {isa = PBXFileReference; explicitFileType = wrapper.cfbundle; includeInIndex = 0; path = AstroVisionUITests.xctest; sourceTree = BUILT_PRODUCTS_DIR; };
/* End PBXFileReference section */

/* Begin PBXFileSystemSynchronizedRootGroup section */
		840ED9CA2E142D7D00C36ABE /* AstroVision */ = {
			isa = PBXFileSystemSynchronizedRootGroup;
			path = AstroVision;
			sourceTree = "<group>";
		};
		840ED9E02E142D7E00C36ABE /* AstroVisionTests */ = {
			isa = PBXFileSystemSynchronizedRootGroup;
			path = AstroVisionTests;
			sourceTree = "<group>";
		};
		840ED9EA2E142D7E00C36ABE /* AstroVisionUITests */ = {
			isa = PBXFileSystemSynchronizedRootGroup;
			path = AstroVisionUITests;
			sourceTree = "<group>";
		};
/* End PBXFileSystemSynchronizedRootGroup section */

/* Begin PBXFrameworksBuildPhase section */
		840ED9C52E142D7D00C36ABE /* Frameworks */ = {
			isa = PBXFrameworksBuildPhase;
			buildActionMask = 2147483647;
			files = (
			);
			runOnlyForDeploymentPostprocessing = 0;
		};
		840ED9DA2E142D7E00C36ABE /* Frameworks */ = {
			isa = PBXFrameworksBuildPhase;
			buildActionMask = 2147483647;
			files = (
			);
			runOnlyForDeploymentPostprocessing = 0;
		};
		840ED9E42E142D7E00C36ABE /* Frameworks */ = {
			isa = PBXFrameworksBuildPhase;
			buildActionMask = 2147483647;
			files = (
			);
			runOnlyForDeploymentPostprocessing = 0;
		};
/* End PBXFrameworksBuildPhase section */

/* Begin PBXGroup section */
		840ED9BF2E142D7D00C36ABE = {
			isa = PBXGroup;
			children = (
				840ED9CA2E142D7D00C36ABE /* AstroVision */,
				840ED9E02E142D7E00C36ABE /* AstroVisionTests */,
				840ED9EA2E142D7E00C36ABE /* AstroVisionUITests */,
				840ED9C92E142D7D00C36ABE /* Products */,
			);
			sourceTree = "<group>";
		};
		840ED9C92E142D7D00C36ABE /* Products */ = {
			isa = PBXGroup;
			children = (
				840ED9C82E142D7D00C36ABE /* AstroVision.app */,
				840ED9DD2E142D7E00C36ABE /* AstroVisionTests.xctest */,
				840ED9E72E142D7E00C36ABE /* AstroVisionUITests.xctest */,
			);
			name = Products;
			sourceTree = "<group>";
		};
/* End PBXGroup section */

/* Begin PBXNativeTarget section */
		840ED9C72E142D7D00C36ABE /* AstroVision */ = {
			isa = PBXNativeTarget;
			buildConfigurationList = 840ED9F12E142D7E00C36ABE /* Build configuration list for PBXNativeTarget "AstroVision" */;
			buildPhases = (
				840ED9C42E142D7D00C36ABE /* Sources */,
				840ED9C52E142D7D00C36ABE /* Frameworks */,
				840ED9C62E142D7D00C36ABE /* Resources */,
			);
			buildRules = (
			);
			dependencies = (
			);
			fileSystemSynchronizedGroups = (
				840ED9CA2E142D7D00C36ABE /* AstroVision */,
			);
			name = AstroVision;
			packageProductDependencies = (
			);
			productName = AstroVision;
			productReference = 840ED9C82E142D7D00C36ABE /* AstroVision.app */;
			productType = "com.apple.product-type.application";
		};
		840ED9DC2E142D7E00C36ABE /* AstroVisionTests */ = {
			isa = PBXNativeTarget;
			buildConfigurationList = 840ED9F42E142D7E00C36ABE /* Build configuration list for PBXNativeTarget "AstroVisionTests" */;
			buildPhases = (
				840ED9D92E142D7E00C36ABE /* Sources */,
				840ED9DA2E142D7E00C36ABE /* Frameworks */,
				840ED9DB2E142D7E00C36ABE /* Resources */,
			);
			buildRules = (
			);
			dependencies = (
				840ED9DF2E142D7E00C36ABE /* PBXTargetDependency */,
			);
			fileSystemSynchronizedGroups = (
				840ED9E02E142D7E00C36ABE /* AstroVisionTests */,
			);
			name = AstroVisionTests;
			packageProductDependencies = (
			);
			productName = AstroVisionTests;
			productReference = 840ED9DD2E142D7E00C36ABE /* AstroVisionTests.xctest */;
			productType = "com.apple.product-type.bundle.unit-test";
		};
		840ED9E62E142D7E00C36ABE /* AstroVisionUITests */ = {
			isa = PBXNativeTarget;
			buildConfigurationList = 840ED9F72E142D7E00C36ABE /* Build configuration list for PBXNativeTarget "AstroVisionUITests" */;
			buildPhases = (
				840ED9E32E142D7E00C36ABE /* Sources */,
				840ED9E42E142D7E00C36ABE /* Frameworks */,
				840ED9E52E142D7E00C36ABE /* Resources */,
			);
			buildRules = (
			);
			dependencies = (
				840ED9E92E142D7E00C36ABE /* PBXTargetDependency */,
			);
			fileSystemSynchronizedGroups = (
				840ED9EA2E142D7E00C36ABE /* AstroVisionUITests */,
			);
			name = AstroVisionUITests;
			packageProductDependencies = (
			);
			productName = AstroVisionUITests;
			productReference = 840ED9E72E142D7E00C36ABE /* AstroVisionUITests.xctest */;
			productType = "com.apple.product-type.bundle.ui-testing";
		};
/* End PBXNativeTarget section */

/* Begin PBXProject section */
		840ED9C02E142D7D00C36ABE /* Project object */ = {
			isa = PBXProject;
			attributes = {
				BuildIndependentTargetsInParallel = 1;
				LastSwiftUpdateCheck = 1620;
				LastUpgradeCheck = 1620;
				TargetAttributes = {
					840ED9C72E142D7D00C36ABE = {
						CreatedOnToolsVersion = 16.2;
					};
					840ED9DC2E142D7E00C36ABE = {
						CreatedOnToolsVersion = 16.2;
						TestTargetID = 840ED9C72E142D7D00C36ABE;
					};
					840ED9E62E142D7E00C36ABE = {
						CreatedOnToolsVersion = 16.2;
						TestTargetID = 840ED9C72E142D7D00C36ABE;
					};
				};
			};
			buildConfigurationList = 840ED9C32E142D7D00C36ABE /* Build configuration list for PBXProject "AstroVision" */;
			developmentRegion = en;
			hasScannedForEncodings = 0;
			knownRegions = (
				en,
				Base,
			);
			mainGroup = 840ED9BF2E142D7D00C36ABE;
			minimizedProjectReferenceProxies = 1;
			preferredProjectObjectVersion = 77;
			productRefGroup = 840ED9C92E142D7D00C36ABE /* Products */;
			projectDirPath = "";
			projectRoot = "";
			targets = (
				840ED9C72E142D7D00C36ABE /* AstroVision */,
				840ED9DC2E142D7E00C36ABE /* AstroVisionTests */,
				840ED9E62E142D7E00C36ABE /* AstroVisionUITests */,
			);
		};
/* End PBXProject section */

/* Begin PBXResourcesBuildPhase section */
		840ED9C62E142D7D00C36ABE /* Resources */ = {
			isa = PBXResourcesBuildPhase;
			buildActionMask = 2147483647;
			files = (
			);
			runOnlyForDeploymentPostprocessing = 0;
		};
		840ED9DB2E142D7E00C36ABE /* Resources */ = {
			isa = PBXResourcesBuildPhase;
			buildActionMask = 2147483647;
			files = (
			);
			runOnlyForDeploymentPostprocessing = 0;
		};
		840ED9E52E142D7E00C36ABE /* Resources */ = {
			isa = PBXResourcesBuildPhase;
			buildActionMask = 2147483647;
			files = (
			);
			runOnlyForDeploymentPostprocessing = 0;
		};
/* End PBXResourcesBuildPhase section */

/* Begin PBXSourcesBuildPhase section */
		840ED9C42E142D7D00C36ABE /* Sources */ = {
			isa = PBXSourcesBuildPhase;
			buildActionMask = 2147483647;
			files = (
			);
			runOnlyForDeploymentPostprocessing = 0;
		};
		840ED9D92E142D7E00C36ABE /* Sources */ = {
			isa = PBXSourcesBuildPhase;
			buildActionMask = 2147483647;
			files = (
			);
			runOnlyForDeploymentPostprocessing = 0;
		};
		840ED9E32E142D7E00C36ABE /* Sources */ = {
			isa = PBXSourcesBuildPhase;
			buildActionMask = 2147483647;
			files = (
			);
			runOnlyForDeploymentPostprocessing = 0;
		};
/* End PBXSourcesBuildPhase section */

/* Begin PBXTargetDependency section */
		840ED9DF2E142D7E00C36ABE /* PBXTargetDependency */ = {
			isa = PBXTargetDependency;
			target = 840ED9C72E142D7D00C36ABE /* AstroVision */;
			targetProxy = 840ED9DE2E142D7E00C36ABE /* PBXContainerItemProxy */;
		};
		840ED9E92E142D7E00C36ABE /* PBXTargetDependency */ = {
			isa = PBXTargetDependency;
			target = 840ED9C72E142D7D00C36ABE /* AstroVision */;
			targetProxy = 840ED9E82E142D7E00C36ABE /* PBXContainerItemProxy */;
		};
/* End PBXTargetDependency section */

/* Begin XCBuildConfiguration section */
		840ED9EF2E142D7E00C36ABE /* Debug */ = {
			isa = XCBuildConfiguration;
			buildSettings = {
				ALWAYS_SEARCH_USER_PATHS = NO;
				ASSETCATALOG_COMPILER_GENERATE_SWIFT_ASSET_SYMBOL_EXTENSIONS = YES;
				CLANG_ANALYZER_NONNULL = YES;
				CLANG_ANALYZER_NUMBER_OBJECT_CONVERSION = YES_AGGRESSIVE;
				CLANG_CXX_LANGUAGE_STANDARD = "gnu++20";
				CLANG_ENABLE_MODULES = YES;
				CLANG_ENABLE_OBJC_ARC = YES;
				CLANG_ENABLE_OBJC_WEAK = YES;
				CLANG_WARN_BLOCK_CAPTURE_AUTORELEASING = YES;
				CLANG_WARN_BOOL_CONVERSION = YES;
				CLANG_WARN_COMMA = YES;
				CLANG_WARN_CONSTANT_CONVERSION = YES;
				CLANG_WARN_DEPRECATED_OBJC_IMPLEMENTATIONS = YES;
				CLANG_WARN_DIRECT_OBJC_ISA_USAGE = YES_ERROR;
				CLANG_WARN_DOCUMENTATION_COMMENTS = YES;
				CLANG_WARN_EMPTY_BODY = YES;
				CLANG_WARN_ENUM_CONVERSION = YES;
				CLANG_WARN_INFINITE_RECURSION = YES;
				CLANG_WARN_INT_CONVERSION = YES;
				CLANG_WARN_NON_LITERAL_NULL_CONVERSION = YES;
				CLANG_WARN_OBJC_IMPLICIT_RETAIN_SELF = YES;
				CLANG_WARN_OBJC_LITERAL_CONVERSION = YES;
				CLANG_WARN_OBJC_ROOT_CLASS = YES_ERROR;
				CLANG_WARN_QUOTED_INCLUDE_IN_FRAMEWORK_HEADER = YES;
				CLANG_WARN_RANGE_LOOP_ANALYSIS = YES;
				CLANG_WARN_STRICT_PROTOTYPES = YES;
				CLANG_WARN_SUSPICIOUS_MOVE = YES;
				CLANG_WARN_UNGUARDED_AVAILABILITY = YES_AGGRESSIVE;
				CLANG_WARN_UNREACHABLE_CODE = YES;
				CLANG_WARN__DUPLICATE_METHOD_MATCH = YES;
				COPY_PHASE_STRIP = NO;
				DEBUG_INFORMATION_FORMAT = dwarf;
				ENABLE_STRICT_OBJC_MSGSEND = YES;
				ENABLE_TESTABILITY = YES;
				ENABLE_USER_SCRIPT_SANDBOXING = YES;
				GCC_C_LANGUAGE_STANDARD = gnu17;
				GCC_DYNAMIC_NO_PIC = NO;
				GCC_NO_COMMON_BLOCKS = YES;
				GCC_OPTIMIZATION_LEVEL = 0;
				GCC_PREPROCESSOR_DEFINITIONS = (
					"DEBUG=1",
					"$(inherited)",
				);
				GCC_WARN_64_TO_32_BIT_CONVERSION = YES;
				GCC_WARN_ABOUT_RETURN_TYPE = YES_ERROR;
				GCC_WARN_UNDECLARED_SELECTOR = YES;
				GCC_WARN_UNINITIALIZED_AUTOS = YES_AGGRESSIVE;
				GCC_WARN_UNUSED_FUNCTION = YES;
				GCC_WARN_UNUSED_VARIABLE = YES;
				IPHONEOS_DEPLOYMENT_TARGET = 18.2;
				LOCALIZATION_PREFERS_STRING_CATALOGS = YES;
				MTL_ENABLE_DEBUG_INFO = INCLUDE_SOURCE;
				MTL_FAST_MATH = YES;
				ONLY_ACTIVE_ARCH = YES;
				SDKROOT = iphoneos;
				SWIFT_ACTIVE_COMPILATION_CONDITIONS = "DEBUG $(inherited)";
				SWIFT_OPTIMIZATION_LEVEL = "-Onone";
			};
			name = Debug;
		};
		840ED9F02E142D7E00C36ABE /* Release */ = {
			isa = XCBuildConfiguration;
			buildSettings = {
				ALWAYS_SEARCH_USER_PATHS = NO;
				ASSETCATALOG_COMPILER_GENERATE_SWIFT_ASSET_SYMBOL_EXTENSIONS = YES;
				CLANG_ANALYZER_NONNULL = YES;
				CLANG_ANALYZER_NUMBER_OBJECT_CONVERSION = YES_AGGRESSIVE;
				CLANG_CXX_LANGUAGE_STANDARD = "gnu++20";
				CLANG_ENABLE_MODULES = YES;
				CLANG_ENABLE_OBJC_ARC = YES;
				CLANG_ENABLE_OBJC_WEAK = YES;
				CLANG_WARN_BLOCK_CAPTURE_AUTORELEASING = YES;
				CLANG_WARN_BOOL_CONVERSION = YES;
				CLANG_WARN_COMMA = YES;
				CLANG_WARN_CONSTANT_CONVERSION = YES;
				CLANG_WARN_DEPRECATED_OBJC_IMPLEMENTATIONS = YES;
				CLANG_WARN_DIRECT_OBJC_ISA_USAGE = YES_ERROR;
				CLANG_WARN_DOCUMENTATION_COMMENTS = YES;
				CLANG_WARN_EMPTY_BODY = YES;
				CLANG_WARN_ENUM_CONVERSION = YES;
				CLANG_WARN_INFINITE_RECURSION = YES;
				CLANG_WARN_INT_CONVERSION = YES;
				CLANG_WARN_NON_LITERAL_NULL_CONVERSION = YES;
				CLANG_WARN_OBJC_IMPLICIT_RETAIN_SELF = YES;
				CLANG_WARN_OBJC_LITERAL_CONVERSION = YES;
				CLANG_WARN_OBJC_ROOT_CLASS = YES_ERROR;
				CLANG_WARN_QUOTED_INCLUDE_IN_FRAMEWORK_HEADER = YES;
				CLANG_WARN_RANGE_LOOP_ANALYSIS = YES;
				CLANG_WARN_STRICT_PROTOTYPES = YES;
				CLANG_WARN_SUSPICIOUS_MOVE = YES;
				CLANG_WARN_UNGUARDED_AVAILABILITY = YES_AGGRESSIVE;
				CLANG_WARN_UNREACHABLE_CODE = YES;
				CLANG_WARN__DUPLICATE_METHOD_MATCH = YES;
				COPY_PHASE_STRIP = NO;
				DEBUG_INFORMATION_FORMAT = "dwarf-with-dsym";
				ENABLE_NS_ASSERTIONS = NO;
				ENABLE_STRICT_OBJC_MSGSEND = YES;
				ENABLE_USER_SCRIPT_SANDBOXING = YES;
				GCC_C_LANGUAGE_STANDARD = gnu17;
				GCC_NO_COMMON_BLOCKS = YES;
				GCC_WARN_64_TO_32_BIT_CONVERSION = YES;
				GCC_WARN_ABOUT_RETURN_TYPE = YES_ERROR;
				GCC_WARN_UNDECLARED_SELECTOR = YES;
				GCC_WARN_UNINITIALIZED_AUTOS = YES_AGGRESSIVE;
				GCC_WARN_UNUSED_FUNCTION = YES;
				GCC_WARN_UNUSED_VARIABLE = YES;
				IPHONEOS_DEPLOYMENT_TARGET = 18.2;
				LOCALIZATION_PREFERS_STRING_CATALOGS = YES;
				MTL_ENABLE_DEBUG_INFO = NO;
				MTL_FAST_MATH = YES;
				SDKROOT = iphoneos;
				SWIFT_COMPILATION_MODE = wholemodule;
				VALIDATE_PRODUCT = YES;
			};
			name = Release;
		};
		840ED9F22E142D7E00C36ABE /* Debug */ = {
			isa = XCBuildConfiguration;
			buildSettings = {
				ASSETCATALOG_COMPILER_APPICON_NAME = AppIcon;
				ASSETCATALOG_COMPILER_GLOBAL_ACCENT_COLOR_NAME = AccentColor;
				CODE_SIGN_STYLE = Automatic;
				CURRENT_PROJECT_VERSION = 1;
				DEVELOPMENT_ASSET_PATHS = "\"AstroVision/Preview Content\"";
				DEVELOPMENT_TEAM = J7JCW3BG3W;
				ENABLE_PREVIEWS = YES;
				GENERATE_INFOPLIST_FILE = YES;
				INFOPLIST_KEY_UIApplicationSceneManifest_Generation = YES;
				INFOPLIST_KEY_UIApplicationSupportsIndirectInputEvents = YES;
				INFOPLIST_KEY_UILaunchScreen_Generation = YES;
				INFOPLIST_KEY_UISupportedInterfaceOrientations_iPad = "UIInterfaceOrientationPortrait UIInterfaceOrientationPortraitUpsideDown UIInterfaceOrientationLandscapeLeft UIInterfaceOrientationLandscapeRight";
				INFOPLIST_KEY_UISupportedInterfaceOrientations_iPhone = "UIInterfaceOrientationPortrait UIInterfaceOrientationLandscapeLeft UIInterfaceOrientationLandscapeRight";
				IPHONEOS_DEPLOYMENT_TARGET = 16.6;
				LD_RUNPATH_SEARCH_PATHS = (
					"$(inherited)",
					"@executable_path/Frameworks",
				);
				MARKETING_VERSION = 1.0;
				PRODUCT_BUNDLE_IDENTIFIER = com.mcb.AstroVision;
				PRODUCT_NAME = "$(TARGET_NAME)";
				SWIFT_EMIT_LOC_STRINGS = YES;
				SWIFT_VERSION = 5.0;
				TARGETED_DEVICE_FAMILY = "1,2";
			};
			name = Debug;
		};
		840ED9F32E142D7E00C36ABE /* Release */ = {
			isa = XCBuildConfiguration;
			buildSettings = {
				ASSETCATALOG_COMPILER_APPICON_NAME = AppIcon;
				ASSETCATALOG_COMPILER_GLOBAL_ACCENT_COLOR_NAME = AccentColor;
				CODE_SIGN_STYLE = Automatic;
				CURRENT_PROJECT_VERSION = 1;
				DEVELOPMENT_ASSET_PATHS = "\"AstroVision/Preview Content\"";
				DEVELOPMENT_TEAM = J7JCW3BG3W;
				ENABLE_PREVIEWS = YES;
				GENERATE_INFOPLIST_FILE = YES;
				INFOPLIST_KEY_UIApplicationSceneManifest_Generation = YES;
				INFOPLIST_KEY_UIApplicationSupportsIndirectInputEvents = YES;
				INFOPLIST_KEY_UILaunchScreen_Generation = YES;
				INFOPLIST_KEY_UISupportedInterfaceOrientations_iPad = "UIInterfaceOrientationPortrait UIInterfaceOrientationPortraitUpsideDown UIInterfaceOrientationLandscapeLeft UIInterfaceOrientationLandscapeRight";
				INFOPLIST_KEY_UISupportedInterfaceOrientations_iPhone = "UIInterfaceOrientationPortrait UIInterfaceOrientationLandscapeLeft UIInterfaceOrientationLandscapeRight";
				IPHONEOS_DEPLOYMENT_TARGET = 16.6;
				LD_RUNPATH_SEARCH_PATHS = (
					"$(inherited)",
					"@executable_path/Frameworks",
				);
				MARKETING_VERSION = 1.0;
				PRODUCT_BUNDLE_IDENTIFIER = com.mcb.AstroVision;
				PRODUCT_NAME = "$(TARGET_NAME)";
				SWIFT_EMIT_LOC_STRINGS = YES;
				SWIFT_VERSION = 5.0;
				TARGETED_DEVICE_FAMILY = "1,2";
			};
			name = Release;
		};
		840ED9F52E142D7E00C36ABE /* Debug */ = {
			isa = XCBuildConfiguration;
			buildSettings = {
				BUNDLE_LOADER = "$(TEST_HOST)";
				CODE_SIGN_STYLE = Automatic;
				CURRENT_PROJECT_VERSION = 1;
				DEVELOPMENT_TEAM = J7JCW3BG3W;
				GENERATE_INFOPLIST_FILE = YES;
				IPHONEOS_DEPLOYMENT_TARGET = 18.2;
				MARKETING_VERSION = 1.0;
				PRODUCT_BUNDLE_IDENTIFIER = com.mcb.AstroVision.AstroVisionTests;
				PRODUCT_NAME = "$(TARGET_NAME)";
				SWIFT_EMIT_LOC_STRINGS = NO;
				SWIFT_VERSION = 5.0;
				TARGETED_DEVICE_FAMILY = "1,2";
				TEST_HOST = "$(BUILT_PRODUCTS_DIR)/AstroVision.app/$(BUNDLE_EXECUTABLE_FOLDER_PATH)/AstroVision";
			};
			name = Debug;
		};
		840ED9F62E142D7E00C36ABE /* Release */ = {
			isa = XCBuildConfiguration;
			buildSettings = {
				BUNDLE_LOADER = "$(TEST_HOST)";
				CODE_SIGN_STYLE = Automatic;
				CURRENT_PROJECT_VERSION = 1;
				DEVELOPMENT_TEAM = J7JCW3BG3W;
				GENERATE_INFOPLIST_FILE = YES;
				IPHONEOS_DEPLOYMENT_TARGET = 18.2;
				MARKETING_VERSION = 1.0;
				PRODUCT_BUNDLE_IDENTIFIER = com.mcb.AstroVision.AstroVisionTests;
				PRODUCT_NAME = "$(TARGET_NAME)";
				SWIFT_EMIT_LOC_STRINGS = NO;
				SWIFT_VERSION = 5.0;
				TARGETED_DEVICE_FAMILY = "1,2";
				TEST_HOST = "$(BUILT_PRODUCTS_DIR)/AstroVision.app/$(BUNDLE_EXECUTABLE_FOLDER_PATH)/AstroVision";
			};
			name = Release;
		};
		840ED9F82E142D7E00C36ABE /* Debug */ = {
			isa = XCBuildConfiguration;
			buildSettings = {
				CODE_SIGN_STYLE = Automatic;
				CURRENT_PROJECT_VERSION = 1;
				DEVELOPMENT_TEAM = J7JCW3BG3W;
				GENERATE_INFOPLIST_FILE = YES;
				MARKETING_VERSION = 1.0;
				PRODUCT_BUNDLE_IDENTIFIER = com.mcb.AstroVision.AstroVisionUITests;
				PRODUCT_NAME = "$(TARGET_NAME)";
				SWIFT_EMIT_LOC_STRINGS = NO;
				SWIFT_VERSION = 5.0;
				TARGETED_DEVICE_FAMILY = "1,2";
				TEST_TARGET_NAME = AstroVision;
			};
			name = Debug;
		};
		840ED9F92E142D7E00C36ABE /* Release */ = {
			isa = XCBuildConfiguration;
			buildSettings = {
				CODE_SIGN_STYLE = Automatic;
				CURRENT_PROJECT_VERSION = 1;
				DEVELOPMENT_TEAM = J7JCW3BG3W;
				GENERATE_INFOPLIST_FILE = YES;
				MARKETING_VERSION = 1.0;
				PRODUCT_BUNDLE_IDENTIFIER = com.mcb.AstroVision.AstroVisionUITests;
				PRODUCT_NAME = "$(TARGET_NAME)";
				SWIFT_EMIT_LOC_STRINGS = NO;
				SWIFT_VERSION = 5.0;
				TARGETED_DEVICE_FAMILY = "1,2";
				TEST_TARGET_NAME = AstroVision;
			};
			name = Release;
		};
/* End XCBuildConfiguration section */

/* Begin XCConfigurationList section */
		840ED9C32E142D7D00C36ABE /* Build configuration list for PBXProject "AstroVision" */ = {
			isa = XCConfigurationList;
			buildConfigurations = (
				840ED9EF2E142D7E00C36ABE /* Debug */,
				840ED9F02E142D7E00C36ABE /* Release */,
			);
			defaultConfigurationIsVisible = 0;
			defaultConfigurationName = Release;
		};
		840ED9F12E142D7E00C36ABE /* Build configuration list for PBXNativeTarget "AstroVision" */ = {
			isa = XCConfigurationList;
			buildConfigurations = (
				840ED9F22E142D7E00C36ABE /* Debug */,
				840ED9F32E142D7E00C36ABE /* Release */,
			);
			defaultConfigurationIsVisible = 0;
			defaultConfigurationName = Release;
		};
		840ED9F42E142D7E00C36ABE /* Build configuration list for PBXNativeTarget "AstroVisionTests" */ = {
			isa = XCConfigurationList;
			buildConfigurations = (
				840ED9F52E142D7E00C36ABE /* Debug */,
				840ED9F62E142D7E00C36ABE /* Release */,
			);
			defaultConfigurationIsVisible = 0;
			defaultConfigurationName = Release;
		};
		840ED9F72E142D7E00C36ABE /* Build configuration list for PBXNativeTarget "AstroVisionUITests" */ = {
			isa = XCConfigurationList;
			buildConfigurations = (
				840ED9F82E142D7E00C36ABE /* Debug */,
				840ED9F92E142D7E00C36ABE /* Release */,
			);
			defaultConfigurationIsVisible = 0;
			defaultConfigurationName = Release;
		};
/* End XCConfigurationList section */
	};
	rootObject = 840ED9C02E142D7D00C36ABE /* Project object */;
}
